{
  "version": 4,
  "terraform_version": "1.0.3",
  "serial": 8,
  "lineage": "70ca5c87-c420-982b-3d82-8f24a95424c1",
  "outputs": {
    "host": {
      "value": "c-c9qrhi8rtbi47rqe0pkn.rw.mdb.yandexcloud.net",
      "type": "string"
    }
  },
  "resources": [
    {
      "module": "module.postgres",
      "mode": "managed",
      "type": "random_password",
      "name": "user_passwords",
      "provider": "provider[\"registry.terraform.io/hashicorp/random\"]",
      "instances": [
        {
          "index_key": 0,
          "schema_version": 0,
          "attributes": {
            "id": "none",
            "keepers": null,
            "length": 16,
            "lower": true,
            "min_lower": 0,
            "min_numeric": 0,
            "min_special": 0,
            "min_upper": 0,
            "number": true,
            "override_special": null,
            "result": "p\u003eFM1:X\u003c{VHo1%[s",
            "special": true,
            "upper": true
          },
          "sensitive_attributes": [],
          "private": "bnVsbA=="
        },
        {
          "index_key": 1,
          "schema_version": 0,
          "attributes": {
            "id": "none",
            "keepers": null,
            "length": 16,
            "lower": true,
            "min_lower": 0,
            "min_numeric": 0,
            "min_special": 0,
            "min_upper": 0,
            "number": true,
            "override_special": null,
            "result": "c?)OCZ__@{dOMgdN",
            "special": true,
            "upper": true
          },
          "sensitive_attributes": [],
          "private": "bnVsbA=="
        }
      ]
    },
    {
      "module": "module.postgres",
      "mode": "managed",
      "type": "yandex_mdb_postgresql_cluster",
      "name": "cluster",
      "provider": "provider[\"registry.terraform.io/yandex-cloud/yandex\"]",
      "instances": [
        {
          "schema_version": 0,
          "attributes": {
            "config": [
              {
                "access": [
                  {
                    "data_lens": false,
                    "web_sql": false
                  }
                ],
                "autofailover": true,
                "backup_retain_period_days": 7,
                "backup_window_start": [
                  {
                    "hours": 0,
                    "minutes": 0
                  }
                ],
                "performance_diagnostics": [
                  {
                    "enabled": false,
                    "sessions_sampling_interval": 60,
                    "statements_sampling_interval": 600
                  }
                ],
                "pooler_config": [],
                "postgresql_config": {},
                "resources": [
                  {
                    "disk_size": 10,
                    "disk_type_id": "network-hdd",
                    "resource_preset_id": "s3-c2-m8"
                  }
                ],
                "version": "12"
              }
            ],
            "created_at": "2022-02-14T12:21:57Z",
            "database": [
              {
                "extension": [
                  {
                    "name": "pgcrypto",
                    "version": ""
                  }
                ],
                "lc_collate": "en_US.UTF-8",
                "lc_type": "en_US.UTF-8",
                "name": "example",
                "owner": "owner"
              }
            ],
            "deletion_protection": false,
            "description": "Multi-Node PostgreSQL.",
            "environment": "PRODUCTION",
            "folder_id": "b1g9kj6npghk1ag03d3l",
            "health": "ALIVE",
            "host": [
              {
                "assign_public_ip": false,
                "fqdn": "rc1a-fvsuatsv4im1zl06.mdb.yandexcloud.net",
                "name": "",
                "priority": 0,
                "replication_source": "",
                "replication_source_name": "",
                "role": "MASTER",
                "subnet_id": "e9bjgm4vbugtnf46lhvh",
                "zone": "ru-central1-a"
              },
              {
                "assign_public_ip": false,
                "fqdn": "rc1b-kbsousdoitbj44lt.mdb.yandexcloud.net",
                "name": "",
                "priority": 0,
                "replication_source": "",
                "replication_source_name": "",
                "role": "REPLICA",
                "subnet_id": "e2l05h6v2ltul6nl6fj3",
                "zone": "ru-central1-b"
              }
            ],
            "host_master_name": "",
            "id": "c9qrhi8rtbi47rqe0pkn",
            "labels": {},
            "maintenance_window": [
              {
                "day": "",
                "hour": 0,
                "type": "ANYTIME"
              }
            ],
            "name": "bug-report-2",
            "network_id": "enphrvfu4e03hn3v8u48",
            "restore": [],
            "security_group_ids": [],
            "status": "RUNNING",
            "timeouts": null,
            "user": [
              {
                "conn_limit": 35,
                "grants": [],
                "login": true,
                "name": "owner",
                "password": "ownerowner",
                "permission": [
                  {
                    "database_name": "example"
                  }
                ],
                "settings": {
                  "log_min_duration_statement": "-1"
                }
              },
              {
                "conn_limit": 35,
                "grants": [],
                "login": true,
                "name": "useruser1",
                "password": "useruser1",
                "permission": [
                  {
                    "database_name": "example"
                  }
                ],
                "settings": {
                  "log_min_duration_statement": "-1"
                }
              }
            ]
          },
          "sensitive_attributes": [],
          "private": "eyJlMmJmYjczMC1lY2FhLTExZTYtOGY4OC0zNDM2M2JjN2M0YzAiOnsiY3JlYXRlIjoxODAwMDAwMDAwMDAwLCJkZWxldGUiOjkwMDAwMDAwMDAwMCwidXBkYXRlIjozNjAwMDAwMDAwMDAwfX0=",
          "dependencies": [
            "module.postgres.yandex_vpc_subnet.a",
            "module.postgres.yandex_vpc_subnet.b"
          ]
        }
      ]
    },
    {
      "module": "module.postgres",
      "mode": "managed",
      "type": "yandex_vpc_subnet",
      "name": "a",
      "provider": "provider[\"registry.terraform.io/yandex-cloud/yandex\"]",
      "instances": [
        {
          "schema_version": 0,
          "attributes": {
            "created_at": "2022-02-14T12:21:09Z",
            "description": "",
            "dhcp_options": [],
            "folder_id": "b1g9kj6npghk1ag03d3l",
            "id": "e9bjgm4vbugtnf46lhvh",
            "labels": {},
            "name": "",
            "network_id": "enphrvfu4e03hn3v8u48",
            "route_table_id": "",
            "timeouts": null,
            "v4_cidr_blocks": [
              "10.3.1.0/24"
            ],
            "v6_cidr_blocks": [],
            "zone": "ru-central1-a"
          },
          "sensitive_attributes": [],
          "private": "eyJlMmJmYjczMC1lY2FhLTExZTYtOGY4OC0zNDM2M2JjN2M0YzAiOnsiY3JlYXRlIjoxODAwMDAwMDAwMDAsImRlbGV0ZSI6MTgwMDAwMDAwMDAwLCJ1cGRhdGUiOjE4MDAwMDAwMDAwMH19"
        }
      ]
    },
    {
      "module": "module.postgres",
      "mode": "managed",
      "type": "yandex_vpc_subnet",
      "name": "b",
      "provider": "provider[\"registry.terraform.io/yandex-cloud/yandex\"]",
      "instances": [
        {
          "schema_version": 0,
          "attributes": {
            "created_at": "2022-02-14T12:21:10Z",
            "description": "",
            "dhcp_options": [],
            "folder_id": "b1g9kj6npghk1ag03d3l",
            "id": "e2l05h6v2ltul6nl6fj3",
            "labels": {},
            "name": "",
            "network_id": "enphrvfu4e03hn3v8u48",
            "route_table_id": "",
            "timeouts": null,
            "v4_cidr_blocks": [
              "10.3.2.0/24"
            ],
            "v6_cidr_blocks": [],
            "zone": "ru-central1-b"
          },
          "sensitive_attributes": [],
          "private": "eyJlMmJmYjczMC1lY2FhLTExZTYtOGY4OC0zNDM2M2JjN2M0YzAiOnsiY3JlYXRlIjoxODAwMDAwMDAwMDAsImRlbGV0ZSI6MTgwMDAwMDAwMDAwLCJ1cGRhdGUiOjE4MDAwMDAwMDAwMH19"
        }
      ]
    }
  ]
}
