{
  "version": 4,
  "terraform_version": "1.0.3",
  "serial": 3,
  "lineage": "3501686e-d265-b1dc-f5cb-5b9b4e4b88bb",
  "outputs": {},
  "resources": [
    {
      "module": "module.postgres",
      "mode": "data",
      "type": "yandex_vpc_network",
      "name": "network",
      "provider": "provider[\"registry.terraform.io/yandex-cloud/yandex\"]",
      "instances": [
        {
          "schema_version": 0,
          "attributes": {
            "created_at": "2021-07-27T07:38:49Z",
            "default_security_group_id": "",
            "description": "Auto-created default network",
            "folder_id": "b1g9kj6npghk1ag03d3l",
            "id": "enphrvfu4e03hn3v8u48",
            "labels": {},
            "name": "default",
            "network_id": "enphrvfu4e03hn3v8u48",
            "subnet_ids": [
              "b0c2t75er24ius3dmbfl",
              "b0cnt04o6fi9fk7n4sgp",
              "e2ld183cbk7oircg9hh7",
              "e2ld3oiuot3be313rbgj",
              "e2lrsla4o7ho9ihublel",
              "e9b15oqsk5fap04qbp5g",
              "e9b4ijie3a519b3oc0bu",
              "e9b7qh36nd0di3qmmge1",
              "e9bi0hfdcolej3ib7p61",
              "e9blnec16sklselrmvms",
              "e9bmrrjdl9qvkbpnbqa4",
              "e9bpr626v269t2639b1m",
              "e9bso52ltksutlvm63s5",
              "e9bugtsgl8ndj0vnm0dm"
            ]
          },
          "sensitive_attributes": []
        }
      ]
    },
    {
      "module": "module.postgres",
      "mode": "data",
      "type": "yandex_vpc_subnet",
      "name": "subnet",
      "provider": "provider[\"registry.terraform.io/yandex-cloud/yandex\"]",
      "instances": [
        {
          "schema_version": 0,
          "attributes": {
            "created_at": "2021-07-27T07:38:49Z",
            "description": "Auto-created default subnet for zone ru-central1-a",
            "dhcp_options": [],
            "folder_id": "b1g9kj6npghk1ag03d3l",
            "id": "e9bi0hfdcolej3ib7p61",
            "labels": {},
            "name": "default-ru-central1-a",
            "network_id": "enphrvfu4e03hn3v8u48",
            "route_table_id": "",
            "subnet_id": "e9bi0hfdcolej3ib7p61",
            "v4_cidr_blocks": [
              "10.128.0.0/24"
            ],
            "v6_cidr_blocks": [],
            "zone": "ru-central1-a"
          },
          "sensitive_attributes": []
        }
      ]
    },
    {
      "module": "module.postgres",
      "mode": "managed",
      "type": "random_password",
      "name": "password",
      "provider": "provider[\"registry.terraform.io/hashicorp/random\"]",
      "instances": [
        {
          "index_key": 0,
          "schema_version": 0,
          "attributes": {
            "id": "none",
            "keepers": null,
            "length": 16,
            "lower": true,
            "min_lower": 0,
            "min_numeric": 0,
            "min_special": 0,
            "min_upper": 0,
            "number": true,
            "override_special": null,
            "result": "OH7ZWHbASnFqNI6R",
            "special": false,
            "upper": true
          },
          "sensitive_attributes": [],
          "private": "bnVsbA=="
        },
        {
          "index_key": 1,
          "schema_version": 0,
          "attributes": {
            "id": "none",
            "keepers": null,
            "length": 16,
            "lower": true,
            "min_lower": 0,
            "min_numeric": 0,
            "min_special": 0,
            "min_upper": 0,
            "number": true,
            "override_special": null,
            "result": "DwiPU90zavGUFOvG",
            "special": false,
            "upper": true
          },
          "sensitive_attributes": [],
          "private": "bnVsbA=="
        }
      ]
    },
    {
      "module": "module.postgres",
      "mode": "managed",
      "type": "yandex_mdb_postgresql_cluster",
      "name": "cluster",
      "provider": "provider[\"registry.terraform.io/yandex-cloud/yandex\"]",
      "instances": [
        {
          "schema_version": 0,
          "attributes": {
            "config": [
              {
                "access": [
                  {
                    "data_lens": false,
                    "web_sql": false
                  }
                ],
                "autofailover": true,
                "backup_window_start": [
                  {
                    "hours": 0,
                    "minutes": 0
                  }
                ],
                "performance_diagnostics": [
                  {
                    "enabled": false,
                    "sessions_sampling_interval": 60,
                    "statements_sampling_interval": 600
                  }
                ],
                "pooler_config": [],
                "postgresql_config": {},
                "resources": [
                  {
                    "disk_size": 10,
                    "disk_type_id": "network-hdd",
                    "resource_preset_id": "s2.micro"
                  }
                ],
                "version": "12"
              }
            ],
            "created_at": "2021-09-23T06:58:30Z",
            "database": [
              {
                "extension": [],
                "lc_collate": "C",
                "lc_type": "C",
                "name": "dev",
                "owner": "devUser"
              },
              {
                "extension": [],
                "lc_collate": "C",
                "lc_type": "C",
                "name": "prod",
                "owner": "prodUser"
              }
            ],
            "deletion_protection": false,
            "description": "PostgreSQL for demonstrating bug of terraform provider",
            "environment": "PRODUCTION",
            "folder_id": "b1g9kj6npghk1ag03d3l",
            "health": "HEALTH_UNKNOWN",
            "host": [
              {
                "assign_public_ip": false,
                "fqdn": "rc1a-fegdwv2v9x298lb5.mdb.yandexcloud.net",
                "name": "",
                "priority": 0,
                "replication_source": "",
                "replication_source_name": "",
                "role": "MASTER",
                "subnet_id": "e9bi0hfdcolej3ib7p61",
                "zone": "ru-central1-a"
              }
            ],
            "host_master_name": "",
            "id": "c9qaeui8193n6fohdifn",
            "labels": null,
            "maintenance_window": [
              {
                "day": "",
                "hour": 0,
                "type": "ANYTIME"
              }
            ],
            "name": "yc-bug-postgresql",
            "network_id": "enphrvfu4e03hn3v8u48",
            "restore": [],
            "security_group_ids": null,
            "status": "RUNNING",
            "timeouts": null,
            "user": [
              {
                "conn_limit": 50,
                "grants": null,
                "login": true,
                "name": "devUser",
                "password": "OH7ZWHbASnFqNI6R",
                "permission": [
                  {
                    "database_name": "dev"
                  }
                ],
                "settings": {}
              },
              {
                "conn_limit": 35,
                "grants": null,
                "login": true,
                "name": "prodUser",
                "password": "DwiPU90zavGUFOvG",
                "permission": [
                  {
                    "database_name": "prod"
                  }
                ],
                "settings": {}
              }
            ]
          },
          "sensitive_attributes": [
            [
              {
                "type": "get_attr",
                "value": "user"
              },
              {
                "type": "index",
                "value": {
                  "value": 0,
                  "type": "number"
                }
              },
              {
                "type": "get_attr",
                "value": "password"
              }
            ],
            [
              {
                "type": "get_attr",
                "value": "user"
              },
              {
                "type": "index",
                "value": {
                  "value": 1,
                  "type": "number"
                }
              },
              {
                "type": "get_attr",
                "value": "password"
              }
            ]
          ],
          "private": "eyJlMmJmYjczMC1lY2FhLTExZTYtOGY4OC0zNDM2M2JjN2M0YzAiOnsiY3JlYXRlIjoxODAwMDAwMDAwMDAwLCJkZWxldGUiOjkwMDAwMDAwMDAwMCwidXBkYXRlIjozNjAwMDAwMDAwMDAwfX0=",
          "dependencies": [
            "module.postgres.data.yandex_vpc_network.network",
            "module.postgres.data.yandex_vpc_subnet.subnet",
            "module.postgres.random_password.password"
          ]
        }
      ]
    }
  ]
}
